
Microsoft Visual Studio Solution File, Format Version 12.00
# Visual Studio Version 17
VisualStudioVersion = 17.0.31903.59
MinimumVisualStudioVersion = 10.0.40219.1
Project("{2150E333-8FDC-42A3-9474-1A3956D46DE8}") = "src", "src", "{21EA6CBD-B270-4E97-BB94-1CABC2075C74}"
EndProject
Project("{FAE04EC0-301F-11D3-BF4B-00C04F79EFBC}") = "DevIO.NerdStore.Catalogo.API", "src\DevIO.NerdStore.Catalogo.API\DevIO.NerdStore.Catalogo.API.csproj", "{45FD8CEB-0D8B-4A3D-A472-D5520F700A8A}"
EndProject
Global
	GlobalSection(SolutionConfigurationPlatforms) = preSolution
		Debug|Any CPU = Debug|Any CPU
		Release|Any CPU = Release|Any CPU
	EndGlobalSection
	GlobalSection(ProjectConfigurationPlatforms) = postSolution
		{45FD8CEB-0D8B-4A3D-A472-D5520F700A8A}.Debug|Any CPU.ActiveCfg = Debug|Any CPU
		{45FD8CEB-0D8B-4A3D-A472-D5520F700A8A}.Debug|Any CPU.Build.0 = Debug|Any CPU
		{45FD8CEB-0D8B-4A3D-A472-D5520F700A8A}.Release|Any CPU.ActiveCfg = Release|Any CPU
		{45FD8CEB-0D8B-4A3D-A472-D5520F700A8A}.Release|Any CPU.Build.0 = Release|Any CPU
	EndGlobalSection
	GlobalSection(SolutionProperties) = preSolution
		HideSolutionNode = FALSE
	EndGlobalSection
	GlobalSection(NestedProjects) = preSolution
		{45FD8CEB-0D8B-4A3D-A472-D5520F700A8A} = {21EA6CBD-B270-4E97-BB94-1CABC2075C74}
	EndGlobalSection
EndGlobal
